
Microsoft Visual Studio Solution File, Format Version 12.00
# Visual Studio 14
VisualStudioVersion = 14.0.25420.1
MinimumVisualStudioVersion = 10.0.40219.1
Project("{FAE04EC0-301F-11D3-BF4B-00C04F79EFBC}") = "MongoDBOperator", "MongoDBOperator\MongoDBOperator.csproj", "{8CDB38AE-7246-4849-A78A-DF45557DB19F}"
EndProject
Project("{FAE04EC0-301F-11D3-BF4B-00C04F79EFBC}") = "MongoDBOperator.Test", "MongoDBOperator.Test\MongoDBOperator.Test.csproj", "{D840E905-8217-449F-8CAA-DC7FF8293715}"
EndProject
Global
	GlobalSection(SolutionConfigurationPlatforms) = preSolution
		Debug|Any CPU = Debug|Any CPU
		Release|Any CPU = Release|Any CPU
	EndGlobalSection
	GlobalSection(ProjectConfigurationPlatforms) = postSolution
		{8CDB38AE-7246-4849-A78A-DF45557DB19F}.Debug|Any CPU.ActiveCfg = Debug|Any CPU
		{8CDB38AE-7246-4849-A78A-DF45557DB19F}.Debug|Any CPU.Build.0 = Debug|Any CPU
		{8CDB38AE-7246-4849-A78A-DF45557DB19F}.Release|Any CPU.ActiveCfg = Release|Any CPU
		{8CDB38AE-7246-4849-A78A-DF45557DB19F}.Release|Any CPU.Build.0 = Release|Any CPU
		{D840E905-8217-449F-8CAA-DC7FF8293715}.Debug|Any CPU.ActiveCfg = Debug|Any CPU
		{D840E905-8217-449F-8CAA-DC7FF8293715}.Debug|Any CPU.Build.0 = Debug|Any CPU
		{D840E905-8217-449F-8CAA-DC7FF8293715}.Release|Any CPU.ActiveCfg = Release|Any CPU
		{D840E905-8217-449F-8CAA-DC7FF8293715}.Release|Any CPU.Build.0 = Release|Any CPU
	EndGlobalSection
	GlobalSection(SolutionProperties) = preSolution
		HideSolutionNode = FALSE
	EndGlobalSection
EndGlobal
